// !$*UTF8*$!
{
	archiveVersion = 1;
	classes = {
	};
	objectVersion = 55;
	objects = {

/* Begin PBXBuildFile section */
		FE629D83285C52B40056AB2E /* AppDelegate.swift in Sources */ = {isa = PBXBuildFile; fileRef = FE629D82285C52B40056AB2E /* AppDelegate.swift */; };
		FE629D85285C52B40056AB2E /* SceneDelegate.swift in Sources */ = {isa = PBXBuildFile; fileRef = FE629D84285C52B40056AB2E /* SceneDelegate.swift */; };
		FE629D8C285C52B40056AB2E /* Assets.xcassets in Resources */ = {isa = PBXBuildFile; fileRef = FE629D8B285C52B40056AB2E /* Assets.xcassets */; };
		FE629D8F285C52B40056AB2E /* LaunchScreen.storyboard in Resources */ = {isa = PBXBuildFile; fileRef = FE629D8D285C52B40056AB2E /* LaunchScreen.storyboard */; };
		FE629D9A285C52B40056AB2E /* TabBarControllerTests.swift in Sources */ = {isa = PBXBuildFile; fileRef = FE629D99285C52B40056AB2E /* TabBarControllerTests.swift */; };
		FE629DA4285C52B40056AB2E /* TabBarControllerUITests.swift in Sources */ = {isa = PBXBuildFile; fileRef = FE629DA3285C52B40056AB2E /* TabBarControllerUITests.swift */; };
		FE629DA6285C52B40056AB2E /* TabBarControllerUITestsLaunchTests.swift in Sources */ = {isa = PBXBuildFile; fileRef = FE629DA5285C52B40056AB2E /* TabBarControllerUITestsLaunchTests.swift */; };
		FE629DB3285C52EF0056AB2E /* TabBar.swift in Sources */ = {isa = PBXBuildFile; fileRef = FE629DB2285C52EF0056AB2E /* TabBar.swift */; };
		FE629DB5285C5B0F0056AB2E /* ViewController.swift in Sources */ = {isa = PBXBuildFile; fileRef = FE629DB4285C5B0F0056AB2E /* ViewController.swift */; };
/* End PBXBuildFile section */

/* Begin PBXContainerItemProxy section */
		FE629D96285C52B40056AB2E /* PBXContainerItemProxy */ = {
			isa = PBXContainerItemProxy;
			containerPortal = FE629D77285C52B40056AB2E /* Project object */;
			proxyType = 1;
			remoteGlobalIDString = FE629D7E285C52B40056AB2E;
			remoteInfo = TabBarController;
		};
		FE629DA0285C52B40056AB2E /* PBXContainerItemProxy */ = {
			isa = PBXContainerItemProxy;
			containerPortal = FE629D77285C52B40056AB2E /* Project object */;
			proxyType = 1;
			remoteGlobalIDString = FE629D7E285C52B40056AB2E;
			remoteInfo = TabBarController;
		};
/* End PBXContainerItemProxy section */

/* Begin PBXFileReference section */
		FE629D7F285C52B40056AB2E /* TabBarController.app */ = {isa = PBXFileReference; explicitFileType = wrapper.application; includeInIndex = 0; path = TabBarController.app; sourceTree = BUILT_PRODUCTS_DIR; };
		FE629D82285C52B40056AB2E /* AppDelegate.swift */ = {isa = PBXFileReference; lastKnownFileType = sourcecode.swift; path = AppDelegate.swift; sourceTree = "<group>"; };
		FE629D84285C52B40056AB2E /* SceneDelegate.swift */ = {isa = PBXFileReference; lastKnownFileType = sourcecode.swift; path = SceneDelegate.swift; sourceTree = "<group>"; };
		FE629D8B285C52B40056AB2E /* Assets.xcassets */ = {isa = PBXFileReference; lastKnownFileType = folder.assetcatalog; path = Assets.xcassets; sourceTree = "<group>"; };
		FE629D8E285C52B40056AB2E /* Base */ = {isa = PBXFileReference; lastKnownFileType = file.storyboard; name = Base; path = Base.lproj/LaunchScreen.storyboard; sourceTree = "<group>"; };
		FE629D90285C52B40056AB2E /* Info.plist */ = {isa = PBXFileReference; lastKnownFileType = text.plist.xml; path = Info.plist; sourceTree = "<group>"; };
		FE629D95285C52B40056AB2E /* TabBarControllerTests.xctest */ = {isa = PBXFileReference; explicitFileType = wrapper.cfbundle; includeInIndex = 0; path = TabBarControllerTests.xctest; sourceTree = BUILT_PRODUCTS_DIR; };
		FE629D99285C52B40056AB2E /* TabBarControllerTests.swift */ = {isa = PBXFileReference; lastKnownFileType = sourcecode.swift; path = TabBarControllerTests.swift; sourceTree = "<group>"; };
		FE629D9F285C52B40056AB2E /* TabBarControllerUITests.xctest */ = {isa = PBXFileReference; explicitFileType = wrapper.cfbundle; includeInIndex = 0; path = TabBarControllerUITests.xctest; sourceTree = BUILT_PRODUCTS_DIR; };
		FE629DA3285C52B40056AB2E /* TabBarControllerUITests.swift */ = {isa = PBXFileReference; lastKnownFileType = sourcecode.swift; path = TabBarControllerUITests.swift; sourceTree = "<group>"; };
		FE629DA5285C52B40056AB2E /* TabBarControllerUITestsLaunchTests.swift */ = {isa = PBXFileReference; lastKnownFileType = sourcecode.swift; path = TabBarControllerUITestsLaunchTests.swift; sourceTree = "<group>"; };
		FE629DB2285C52EF0056AB2E /* TabBar.swift */ = {isa = PBXFileReference; lastKnownFileType = sourcecode.swift; path = TabBar.swift; sourceTree = "<group>"; };
		FE629DB4285C5B0F0056AB2E /* ViewController.swift */ = {isa = PBXFileReference; lastKnownFileType = sourcecode.swift; path = ViewController.swift; sourceTree = "<group>"; };
/* End PBXFileReference section */

/* Begin PBXFrameworksBuildPhase section */
		FE629D7C285C52B40056AB2E /* Frameworks */ = {
			isa = PBXFrameworksBuildPhase;
			buildActionMask = 2147483647;
			files = (
			);
			runOnlyForDeploymentPostprocessing = 0;
		};
		FE629D92285C52B40056AB2E /* Frameworks */ = {
			isa = PBXFrameworksBuildPhase;
			buildActionMask = 2147483647;
			files = (
			);
			runOnlyForDeploymentPostprocessing = 0;
		};
		FE629D9C285C52B40056AB2E /* Frameworks */ = {
			isa = PBXFrameworksBuildPhase;
			buildActionMask = 2147483647;
			files = (
			);
			runOnlyForDeploymentPostprocessing = 0;
		};
/* End PBXFrameworksBuildPhase section */

/* Begin PBXGroup section */
		FE629D76285C52B40056AB2E = {
			isa = PBXGroup;
			children = (
				FE629D81285C52B40056AB2E /* TabBarController */,
				FE629D98285C52B40056AB2E /* TabBarControllerTests */,
				FE629DA2285C52B40056AB2E /* TabBarControllerUITests */,
				FE629D80285C52B40056AB2E /* Products */,
			);
			sourceTree = "<group>";
		};
		FE629D80285C52B40056AB2E /* Products */ = {
			isa = PBXGroup;
			children = (
				FE629D7F285C52B40056AB2E /* TabBarController.app */,
				FE629D95285C52B40056AB2E /* TabBarControllerTests.xctest */,
				FE629D9F285C52B40056AB2E /* TabBarControllerUITests.xctest */,
			);
			name = Products;
			sourceTree = "<group>";
		};
		FE629D81285C52B40056AB2E /* TabBarController */ = {
			isa = PBXGroup;
			children = (
				FE629D82285C52B40056AB2E /* AppDelegate.swift */,
				FE629D84285C52B40056AB2E /* SceneDelegate.swift */,
				FE629D8B285C52B40056AB2E /* Assets.xcassets */,
				FE629D8D285C52B40056AB2E /* LaunchScreen.storyboard */,
				FE629D90285C52B40056AB2E /* Info.plist */,
				FE629DB2285C52EF0056AB2E /* TabBar.swift */,
				FE629DB4285C5B0F0056AB2E /* ViewController.swift */,
			);
			path = TabBarController;
			sourceTree = "<group>";
		};
		FE629D98285C52B40056AB2E /* TabBarControllerTests */ = {
			isa = PBXGroup;
			children = (
				FE629D99285C52B40056AB2E /* TabBarControllerTests.swift */,
			);
			path = TabBarControllerTests;
			sourceTree = "<group>";
		};
		FE629DA2285C52B40056AB2E /* TabBarControllerUITests */ = {
			isa = PBXGroup;
			children = (
				FE629DA3285C52B40056AB2E /* TabBarControllerUITests.swift */,
				FE629DA5285C52B40056AB2E /* TabBarControllerUITestsLaunchTests.swift */,
			);
			path = TabBarControllerUITests;
			sourceTree = "<group>";
		};
/* End PBXGroup section */

/* Begin PBXNativeTarget section */
		FE629D7E285C52B40056AB2E /* TabBarController */ = {
			isa = PBXNativeTarget;
			buildConfigurationList = FE629DA9285C52B40056AB2E /* Build configuration list for PBXNativeTarget "TabBarController" */;
			buildPhases = (
				FE629D7B285C52B40056AB2E /* Sources */,
				FE629D7C285C52B40056AB2E /* Frameworks */,
				FE629D7D285C52B40056AB2E /* Resources */,
			);
			buildRules = (
			);
			dependencies = (
			);
			name = TabBarController;
			productName = TabBarController;
			productReference = FE629D7F285C52B40056AB2E /* TabBarController.app */;
			productType = "com.apple.product-type.application";
		};
		FE629D94285C52B40056AB2E /* TabBarControllerTests */ = {
			isa = PBXNativeTarget;
			buildConfigurationList = FE629DAC285C52B40056AB2E /* Build configuration list for PBXNativeTarget "TabBarControllerTests" */;
			buildPhases = (
				FE629D91285C52B40056AB2E /* Sources */,
				FE629D92285C52B40056AB2E /* Frameworks */,
				FE629D93285C52B40056AB2E /* Resources */,
			);
			buildRules = (
			);
			dependencies = (
				FE629D97285C52B40056AB2E /* PBXTargetDependency */,
			);
			name = TabBarControllerTests;
			productName = TabBarControllerTests;
			productReference = FE629D95285C52B40056AB2E /* TabBarControllerTests.xctest */;
			productType = "com.apple.product-type.bundle.unit-test";
		};
		FE629D9E285C52B40056AB2E /* TabBarControllerUITests */ = {
			isa = PBXNativeTarget;
			buildConfigurationList = FE629DAF285C52B40056AB2E /* Build configuration list for PBXNativeTarget "TabBarControllerUITests" */;
			buildPhases = (
				FE629D9B285C52B40056AB2E /* Sources */,
				FE629D9C285C52B40056AB2E /* Frameworks */,
				FE629D9D285C52B40056AB2E /* Resources */,
			);
			buildRules = (
			);
			dependencies = (
				FE629DA1285C52B40056AB2E /* PBXTargetDependency */,
			);
			name = TabBarControllerUITests;
			productName = TabBarControllerUITests;
			productReference = FE629D9F285C52B40056AB2E /* TabBarControllerUITests.xctest */;
			productType = "com.apple.product-type.bundle.ui-testing";
		};
/* End PBXNativeTarget section */

/* Begin PBXProject section */
		FE629D77285C52B40056AB2E /* Project object */ = {
			isa = PBXProject;
			attributes = {
				BuildIndependentTargetsInParallel = 1;
				LastSwiftUpdateCheck = 1340;
				LastUpgradeCheck = 1340;
				TargetAttributes = {
					FE629D7E285C52B40056AB2E = {
						CreatedOnToolsVersion = 13.4;
					};
					FE629D94285C52B40056AB2E = {
						CreatedOnToolsVersion = 13.4;
						TestTargetID = FE629D7E285C52B40056AB2E;
					};
					FE629D9E285C52B40056AB2E = {
						CreatedOnToolsVersion = 13.4;
						TestTargetID = FE629D7E285C52B40056AB2E;
					};
				};
			};
			buildConfigurationList = FE629D7A285C52B40056AB2E /* Build configuration list for PBXProject "TabBarController" */;
			compatibilityVersion = "Xcode 13.0";
			developmentRegion = en;
			hasScannedForEncodings = 0;
			knownRegions = (
				en,
				Base,
			);
			mainGroup = FE629D76285C52B40056AB2E;
			productRefGroup = FE629D80285C52B40056AB2E /* Products */;
			projectDirPath = "";
			projectRoot = "";
			targets = (
				FE629D7E285C52B40056AB2E /* TabBarController */,
				FE629D94285C52B40056AB2E /* TabBarControllerTests */,
				FE629D9E285C52B40056AB2E /* TabBarControllerUITests */,
			);
		};
/* End PBXProject section */

/* Begin PBXResourcesBuildPhase section */
		FE629D7D285C52B40056AB2E /* Resources */ = {
			isa = PBXResourcesBuildPhase;
			buildActionMask = 2147483647;
			files = (
				FE629D8F285C52B40056AB2E /* LaunchScreen.storyboard in Resources */,
				FE629D8C285C52B40056AB2E /* Assets.xcassets in Resources */,
			);
			runOnlyForDeploymentPostprocessing = 0;
		};
		FE629D93285C52B40056AB2E /* Resources */ = {
			isa = PBXResourcesBuildPhase;
			buildActionMask = 2147483647;
			files = (
			);
			runOnlyForDeploymentPostprocessing = 0;
		};
		FE629D9D285C52B40056AB2E /* Resources */ = {
			isa = PBXResourcesBuildPhase;
			buildActionMask = 2147483647;
			files = (
			);
			runOnlyForDeploymentPostprocessing = 0;
		};
/* End PBXResourcesBuildPhase section */

/* Begin PBXSourcesBuildPhase section */
		FE629D7B285C52B40056AB2E /* Sources */ = {
			isa = PBXSourcesBuildPhase;
			buildActionMask = 2147483647;
			files = (
				FE629D83285C52B40056AB2E /* AppDelegate.swift in Sources */,
				FE629D85285C52B40056AB2E /* SceneDelegate.swift in Sources */,
				FE629DB5285C5B0F0056AB2E /* ViewController.swift in Sources */,
				FE629DB3285C52EF0056AB2E /* TabBar.swift in Sources */,
			);
			runOnlyForDeploymentPostprocessing = 0;
		};
		FE629D91285C52B40056AB2E /* Sources */ = {
			isa = PBXSourcesBuildPhase;
			buildActionMask = 2147483647;
			files = (
				FE629D9A285C52B40056AB2E /* TabBarControllerTests.swift in Sources */,
			);
			runOnlyForDeploymentPostprocessing = 0;
		};
		FE629D9B285C52B40056AB2E /* Sources */ = {
			isa = PBXSourcesBuildPhase;
			buildActionMask = 2147483647;
			files = (
				FE629DA6285C52B40056AB2E /* TabBarControllerUITestsLaunchTests.swift in Sources */,
				FE629DA4285C52B40056AB2E /* TabBarControllerUITests.swift in Sources */,
			);
			runOnlyForDeploymentPostprocessing = 0;
		};
/* End PBXSourcesBuildPhase section */

/* Begin PBXTargetDependency section */
		FE629D97285C52B40056AB2E /* PBXTargetDependency */ = {
			isa = PBXTargetDependency;
			target = FE629D7E285C52B40056AB2E /* TabBarController */;
			targetProxy = FE629D96285C52B40056AB2E /* PBXContainerItemProxy */;
		};
		FE629DA1285C52B40056AB2E /* PBXTargetDependency */ = {
			isa = PBXTargetDependency;
			target = FE629D7E285C52B40056AB2E /* TabBarController */;
			targetProxy = FE629DA0285C52B40056AB2E /* PBXContainerItemProxy */;
		};
/* End PBXTargetDependency section */

/* Begin PBXVariantGroup section */
		FE629D8D285C52B40056AB2E /* LaunchScreen.storyboard */ = {
			isa = PBXVariantGroup;
			children = (
				FE629D8E285C52B40056AB2E /* Base */,
			);
			name = LaunchScreen.storyboard;
			sourceTree = "<group>";
		};
/* End PBXVariantGroup section */

/* Begin XCBuildConfiguration section */
		FE629DA7285C52B40056AB2E /* Debug */ = {
			isa = XCBuildConfiguration;
			buildSettings = {
				ALWAYS_SEARCH_USER_PATHS = NO;
				CLANG_ANALYZER_NONNULL = YES;
				CLANG_ANALYZER_NUMBER_OBJECT_CONVERSION = YES_AGGRESSIVE;
				CLANG_CXX_LANGUAGE_STANDARD = "gnu++17";
				CLANG_ENABLE_MODULES = YES;
				CLANG_ENABLE_OBJC_ARC = YES;
				CLANG_ENABLE_OBJC_WEAK = YES;
				CLANG_WARN_BLOCK_CAPTURE_AUTORELEASING = YES;
				CLANG_WARN_BOOL_CONVERSION = YES;
				CLANG_WARN_COMMA = YES;
				CLANG_WARN_CONSTANT_CONVERSION = YES;
				CLANG_WARN_DEPRECATED_OBJC_IMPLEMENTATIONS = YES;
				CLANG_WARN_DIRECT_OBJC_ISA_USAGE = YES_ERROR;
				CLANG_WARN_DOCUMENTATION_COMMENTS = YES;
				CLANG_WARN_EMPTY_BODY = YES;
				CLANG_WARN_ENUM_CONVERSION = YES;
				CLANG_WARN_INFINITE_RECURSION = YES;
				CLANG_WARN_INT_CONVERSION = YES;
				CLANG_WARN_NON_LITERAL_NULL_CONVERSION = YES;
				CLANG_WARN_OBJC_IMPLICIT_RETAIN_SELF = YES;
				CLANG_WARN_OBJC_LITERAL_CONVERSION = YES;
				CLANG_WARN_OBJC_ROOT_CLASS = YES_ERROR;
				CLANG_WARN_QUOTED_INCLUDE_IN_FRAMEWORK_HEADER = YES;
				CLANG_WARN_RANGE_LOOP_ANALYSIS = YES;
				CLANG_WARN_STRICT_PROTOTYPES = YES;
				CLANG_WARN_SUSPICIOUS_MOVE = YES;
				CLANG_WARN_UNGUARDED_AVAILABILITY = YES_AGGRESSIVE;
				CLANG_WARN_UNREACHABLE_CODE = YES;
				CLANG_WARN__DUPLICATE_METHOD_MATCH = YES;
				COPY_PHASE_STRIP = NO;
				DEBUG_INFORMATION_FORMAT = dwarf;
				ENABLE_STRICT_OBJC_MSGSEND = YES;
				ENABLE_TESTABILITY = YES;
				GCC_C_LANGUAGE_STANDARD = gnu11;
				GCC_DYNAMIC_NO_PIC = NO;
				GCC_NO_COMMON_BLOCKS = YES;
				GCC_OPTIMIZATION_LEVEL = 0;
				GCC_PREPROCESSOR_DEFINITIONS = (
					"DEBUG=1",
					"$(inherited)",
				);
				GCC_WARN_64_TO_32_BIT_CONVERSION = YES;
				GCC_WARN_ABOUT_RETURN_TYPE = YES_ERROR;
				GCC_WARN_UNDECLARED_SELECTOR = YES;
				GCC_WARN_UNINITIALIZED_AUTOS = YES_AGGRESSIVE;
				GCC_WARN_UNUSED_FUNCTION = YES;
				GCC_WARN_UNUSED_VARIABLE = YES;
				IPHONEOS_DEPLOYMENT_TARGET = 13.0;
				MTL_ENABLE_DEBUG_INFO = INCLUDE_SOURCE;
				MTL_FAST_MATH = YES;
				ONLY_ACTIVE_ARCH = YES;
				SDKROOT = iphoneos;
				SWIFT_ACTIVE_COMPILATION_CONDITIONS = DEBUG;
				SWIFT_OPTIMIZATION_LEVEL = "-Onone";
			};
			name = Debug;
		};
		FE629DA8285C52B40056AB2E /* Release */ = {
			isa = XCBuildConfiguration;
			buildSettings = {
				ALWAYS_SEARCH_USER_PATHS = NO;
				CLANG_ANALYZER_NONNULL = YES;
				CLANG_ANALYZER_NUMBER_OBJECT_CONVERSION = YES_AGGRESSIVE;
				CLANG_CXX_LANGUAGE_STANDARD = "gnu++17";
				CLANG_ENABLE_MODULES = YES;
				CLANG_ENABLE_OBJC_ARC = YES;
				CLANG_ENABLE_OBJC_WEAK = YES;
				CLANG_WARN_BLOCK_CAPTURE_AUTORELEASING = YES;
				CLANG_WARN_BOOL_CONVERSION = YES;
				CLANG_WARN_COMMA = YES;
				CLANG_WARN_CONSTANT_CONVERSION = YES;
				CLANG_WARN_DEPRECATED_OBJC_IMPLEMENTATIONS = YES;
				CLANG_WARN_DIRECT_OBJC_ISA_USAGE = YES_ERROR;
				CLANG_WARN_DOCUMENTATION_COMMENTS = YES;
				CLANG_WARN_EMPTY_BODY = YES;
				CLANG_WARN_ENUM_CONVERSION = YES;
				CLANG_WARN_INFINITE_RECURSION = YES;
				CLANG_WARN_INT_CONVERSION = YES;
				CLANG_WARN_NON_LITERAL_NULL_CONVERSION = YES;
				CLANG_WARN_OBJC_IMPLICIT_RETAIN_SELF = YES;
				CLANG_WARN_OBJC_LITERAL_CONVERSION = YES;
				CLANG_WARN_OBJC_ROOT_CLASS = YES_ERROR;
				CLANG_WARN_QUOTED_INCLUDE_IN_FRAMEWORK_HEADER = YES;
				CLANG_WARN_RANGE_LOOP_ANALYSIS = YES;
				CLANG_WARN_STRICT_PROTOTYPES = YES;
				CLANG_WARN_SUSPICIOUS_MOVE = YES;
				CLANG_WARN_UNGUARDED_AVAILABILITY = YES_AGGRESSIVE;
				CLANG_WARN_UNREACHABLE_CODE = YES;
				CLANG_WARN__DUPLICATE_METHOD_MATCH = YES;
				COPY_PHASE_STRIP = NO;
				DEBUG_INFORMATION_FORMAT = "dwarf-with-dsym";
				ENABLE_NS_ASSERTIONS = NO;
				ENABLE_STRICT_OBJC_MSGSEND = YES;
				GCC_C_LANGUAGE_STANDARD = gnu11;
				GCC_NO_COMMON_BLOCKS = YES;
				GCC_WARN_64_TO_32_BIT_CONVERSION = YES;
				GCC_WARN_ABOUT_RETURN_TYPE = YES_ERROR;
				GCC_WARN_UNDECLARED_SELECTOR = YES;
				GCC_WARN_UNINITIALIZED_AUTOS = YES_AGGRESSIVE;
				GCC_WARN_UNUSED_FUNCTION = YES;
				GCC_WARN_UNUSED_VARIABLE = YES;
				IPHONEOS_DEPLOYMENT_TARGET = 13.0;
				MTL_ENABLE_DEBUG_INFO = NO;
				MTL_FAST_MATH = YES;
				SDKROOT = iphoneos;
				SWIFT_COMPILATION_MODE = wholemodule;
				SWIFT_OPTIMIZATION_LEVEL = "-O";
				VALIDATE_PRODUCT = YES;
			};
			name = Release;
		};
		FE629DAA285C52B40056AB2E /* Debug */ = {
			isa = XCBuildConfiguration;
			buildSettings = {
				ASSETCATALOG_COMPILER_APPICON_NAME = AppIcon;
				ASSETCATALOG_COMPILER_GLOBAL_ACCENT_COLOR_NAME = AccentColor;
				CODE_SIGN_STYLE = Automatic;
				CURRENT_PROJECT_VERSION = 1;
				DEVELOPMENT_TEAM = N92M6695XH;
				GENERATE_INFOPLIST_FILE = YES;
				INFOPLIST_FILE = TabBarController/Info.plist;
				INFOPLIST_KEY_UIApplicationSupportsIndirectInputEvents = YES;
				INFOPLIST_KEY_UILaunchStoryboardName = LaunchScreen;
				INFOPLIST_KEY_UIMainStoryboardFile = LaunchScreen;
				INFOPLIST_KEY_UISupportedInterfaceOrientations = UIInterfaceOrientationLandscapeLeft;
				INFOPLIST_KEY_UISupportedInterfaceOrientations_iPad = "UIInterfaceOrientationPortrait UIInterfaceOrientationPortraitUpsideDown UIInterfaceOrientationLandscapeLeft UIInterfaceOrientationLandscapeRight";
				INFOPLIST_KEY_UISupportedInterfaceOrientations_iPhone = "UIInterfaceOrientationPortrait UIInterfaceOrientationLandscapeLeft UIInterfaceOrientationLandscapeRight";
				LD_RUNPATH_SEARCH_PATHS = (
					"$(inherited)",
					"@executable_path/Frameworks",
				);
				MARKETING_VERSION = 1.0;
				PRODUCT_BUNDLE_IDENTIFIER = com.test.TabBarController;
				PRODUCT_NAME = "$(TARGET_NAME)";
				SWIFT_EMIT_LOC_STRINGS = YES;
				SWIFT_VERSION = 5.0;
				TARGETED_DEVICE_FAMILY = 1;
			};
			name = Debug;
		};
		FE629DAB285C52B40056AB2E /* Release */ = {
			isa = XCBuildConfiguration;
			buildSettings = {
				ASSETCATALOG_COMPILER_APPICON_NAME = AppIcon;
				ASSETCATALOG_COMPILER_GLOBAL_ACCENT_COLOR_NAME = AccentColor;
				CODE_SIGN_STYLE = Automatic;
				CURRENT_PROJECT_VERSION = 1;
				DEVELOPMENT_TEAM = N92M6695XH;
				GENERATE_INFOPLIST_FILE = YES;
				INFOPLIST_FILE = TabBarController/Info.plist;
				INFOPLIST_KEY_UIApplicationSupportsIndirectInputEvents = YES;
				INFOPLIST_KEY_UILaunchStoryboardName = LaunchScreen;
				INFOPLIST_KEY_UIMainStoryboardFile = LaunchScreen;
				INFOPLIST_KEY_UISupportedInterfaceOrientations = UIInterfaceOrientationLandscapeLeft;
				INFOPLIST_KEY_UISupportedInterfaceOrientations_iPad = "UIInterfaceOrientationPortrait UIInterfaceOrientationPortraitUpsideDown UIInterfaceOrientationLandscapeLeft UIInterfaceOrientationLandscapeRight";
				INFOPLIST_KEY_UISupportedInterfaceOrientations_iPhone = "UIInterfaceOrientationPortrait UIInterfaceOrientationLandscapeLeft UIInterfaceOrientationLandscapeRight";
				LD_RUNPATH_SEARCH_PATHS = (
					"$(inherited)",
					"@executable_path/Frameworks",
				);
				MARKETING_VERSION = 1.0;
				PRODUCT_BUNDLE_IDENTIFIER = com.test.TabBarController;
				PRODUCT_NAME = "$(TARGET_NAME)";
				SWIFT_EMIT_LOC_STRINGS = YES;
				SWIFT_VERSION = 5.0;
				TARGETED_DEVICE_FAMILY = 1;
			};
			name = Release;
		};
		FE629DAD285C52B40056AB2E /* Debug */ = {
			isa = XCBuildConfiguration;
			buildSettings = {
				ALWAYS_EMBED_SWIFT_STANDARD_LIBRARIES = YES;
				BUNDLE_LOADER = "$(TEST_HOST)";
				CODE_SIGN_STYLE = Automatic;
				CURRENT_PROJECT_VERSION = 1;
				DEVELOPMENT_TEAM = N92M6695XH;
				GENERATE_INFOPLIST_FILE = YES;
				IPHONEOS_DEPLOYMENT_TARGET = 15.5;
				MARKETING_VERSION = 1.0;
				PRODUCT_BUNDLE_IDENTIFIER = com.test.TabBarControllerTests;
				PRODUCT_NAME = "$(TARGET_NAME)";
				SWIFT_EMIT_LOC_STRINGS = NO;
				SWIFT_VERSION = 5.0;
				TARGETED_DEVICE_FAMILY = "1,2";
				TEST_HOST = "$(BUILT_PRODUCTS_DIR)/TabBarController.app/TabBarController";
			};
			name = Debug;
		};
		FE629DAE285C52B40056AB2E /* Release */ = {
			isa = XCBuildConfiguration;
			buildSettings = {
				ALWAYS_EMBED_SWIFT_STANDARD_LIBRARIES = YES;
				BUNDLE_LOADER = "$(TEST_HOST)";
				CODE_SIGN_STYLE = Automatic;
				CURRENT_PROJECT_VERSION = 1;
				DEVELOPMENT_TEAM = N92M6695XH;
				GENERATE_INFOPLIST_FILE = YES;
				IPHONEOS_DEPLOYMENT_TARGET = 15.5;
				MARKETING_VERSION = 1.0;
				PRODUCT_BUNDLE_IDENTIFIER = com.test.TabBarControllerTests;
				PRODUCT_NAME = "$(TARGET_NAME)";
				SWIFT_EMIT_LOC_STRINGS = NO;
				SWIFT_VERSION = 5.0;
				TARGETED_DEVICE_FAMILY = "1,2";
				TEST_HOST = "$(BUILT_PRODUCTS_DIR)/TabBarController.app/TabBarController";
			};
			name = Release;
		};
		FE629DB0285C52B40056AB2E /* Debug */ = {
			isa = XCBuildConfiguration;
			buildSettings = {
				ALWAYS_EMBED_SWIFT_STANDARD_LIBRARIES = YES;
				CODE_SIGN_STYLE = Automatic;
				CURRENT_PROJECT_VERSION = 1;
				DEVELOPMENT_TEAM = N92M6695XH;
				GENERATE_INFOPLIST_FILE = YES;
				MARKETING_VERSION = 1.0;
				PRODUCT_BUNDLE_IDENTIFIER = com.test.TabBarControllerUITests;
				PRODUCT_NAME = "$(TARGET_NAME)";
				SWIFT_EMIT_LOC_STRINGS = NO;
				SWIFT_VERSION = 5.0;
				TARGETED_DEVICE_FAMILY = "1,2";
				TEST_TARGET_NAME = TabBarController;
			};
			name = Debug;
		};
		FE629DB1285C52B40056AB2E /* Release */ = {
			isa = XCBuildConfiguration;
			buildSettings = {
				ALWAYS_EMBED_SWIFT_STANDARD_LIBRARIES = YES;
				CODE_SIGN_STYLE = Automatic;
				CURRENT_PROJECT_VERSION = 1;
				DEVELOPMENT_TEAM = N92M6695XH;
				GENERATE_INFOPLIST_FILE = YES;
				MARKETING_VERSION = 1.0;
				PRODUCT_BUNDLE_IDENTIFIER = com.test.TabBarControllerUITests;
				PRODUCT_NAME = "$(TARGET_NAME)";
				SWIFT_EMIT_LOC_STRINGS = NO;
				SWIFT_VERSION = 5.0;
				TARGETED_DEVICE_FAMILY = "1,2";
				TEST_TARGET_NAME = TabBarController;
			};
			name = Release;
		};
/* End XCBuildConfiguration section */

/* Begin XCConfigurationList section */
		FE629D7A285C52B40056AB2E /* Build configuration list for PBXProject "TabBarController" */ = {
			isa = XCConfigurationList;
			buildConfigurations = (
				FE629DA7285C52B40056AB2E /* Debug */,
				FE629DA8285C52B40056AB2E /* Release */,
			);
			defaultConfigurationIsVisible = 0;
			defaultConfigurationName = Release;
		};
		FE629DA9285C52B40056AB2E /* Build configuration list for PBXNativeTarget "TabBarController" */ = {
			isa = XCConfigurationList;
			buildConfigurations = (
				FE629DAA285C52B40056AB2E /* Debug */,
				FE629DAB285C52B40056AB2E /* Release */,
			);
			defaultConfigurationIsVisible = 0;
			defaultConfigurationName = Release;
		};
		FE629DAC285C52B40056AB2E /* Build configuration list for PBXNativeTarget "TabBarControllerTests" */ = {
			isa = XCConfigurationList;
			buildConfigurations = (
				FE629DAD285C52B40056AB2E /* Debug */,
				FE629DAE285C52B40056AB2E /* Release */,
			);
			defaultConfigurationIsVisible = 0;
			defaultConfigurationName = Release;
		};
		FE629DAF285C52B40056AB2E /* Build configuration list for PBXNativeTarget "TabBarControllerUITests" */ = {
			isa = XCConfigurationList;
			buildConfigurations = (
				FE629DB0285C52B40056AB2E /* Debug */,
				FE629DB1285C52B40056AB2E /* Release */,
			);
			defaultConfigurationIsVisible = 0;
			defaultConfigurationName = Release;
		};
/* End XCConfigurationList section */
	};
	rootObject = FE629D77285C52B40056AB2E /* Project object */;
}
