// !$*UTF8*$!
{
	archiveVersion = 1;
	classes = {
	};
	objectVersion = 55;
	objects = {

/* Begin PBXBuildFile section */
		FE488B942837746D00E043AD /* AppDelegate.swift in Sources */ = {isa = PBXBuildFile; fileRef = FE488B932837746D00E043AD /* AppDelegate.swift */; };
		FE488B962837746D00E043AD /* SceneDelegate.swift in Sources */ = {isa = PBXBuildFile; fileRef = FE488B952837746D00E043AD /* SceneDelegate.swift */; };
		FE488B982837746D00E043AD /* ViewController.swift in Sources */ = {isa = PBXBuildFile; fileRef = FE488B972837746D00E043AD /* ViewController.swift */; };
		FE488B9B2837746D00E043AD /* Main.storyboard in Resources */ = {isa = PBXBuildFile; fileRef = FE488B992837746D00E043AD /* Main.storyboard */; };
		FE488B9D2837746E00E043AD /* Assets.xcassets in Resources */ = {isa = PBXBuildFile; fileRef = FE488B9C2837746E00E043AD /* Assets.xcassets */; };
		FE488BA02837746E00E043AD /* LaunchScreen.storyboard in Resources */ = {isa = PBXBuildFile; fileRef = FE488B9E2837746E00E043AD /* LaunchScreen.storyboard */; };
		FE488BAB2837746E00E043AD /* PushNotificationTests.swift in Sources */ = {isa = PBXBuildFile; fileRef = FE488BAA2837746E00E043AD /* PushNotificationTests.swift */; };
		FE488BB52837746E00E043AD /* PushNotificationUITests.swift in Sources */ = {isa = PBXBuildFile; fileRef = FE488BB42837746E00E043AD /* PushNotificationUITests.swift */; };
		FE488BB72837746E00E043AD /* PushNotificationUITestsLaunchTests.swift in Sources */ = {isa = PBXBuildFile; fileRef = FE488BB62837746E00E043AD /* PushNotificationUITestsLaunchTests.swift */; };
		FE488BCB283790B000E043AD /* NotificationService.swift in Sources */ = {isa = PBXBuildFile; fileRef = FE488BCA283790B000E043AD /* NotificationService.swift */; };
		FE488BCF283790B000E043AD /* NotificationService.appex in Embed App Extensions */ = {isa = PBXBuildFile; fileRef = FE488BC8283790B000E043AD /* NotificationService.appex */; settings = {ATTRIBUTES = (RemoveHeadersOnCopy, ); }; };
/* End PBXBuildFile section */

/* Begin PBXContainerItemProxy section */
		FE488BA72837746E00E043AD /* PBXContainerItemProxy */ = {
			isa = PBXContainerItemProxy;
			containerPortal = FE488B882837746D00E043AD /* Project object */;
			proxyType = 1;
			remoteGlobalIDString = FE488B8F2837746D00E043AD;
			remoteInfo = PushNotification;
		};
		FE488BB12837746E00E043AD /* PBXContainerItemProxy */ = {
			isa = PBXContainerItemProxy;
			containerPortal = FE488B882837746D00E043AD /* Project object */;
			proxyType = 1;
			remoteGlobalIDString = FE488B8F2837746D00E043AD;
			remoteInfo = PushNotification;
		};
		FE488BCD283790B000E043AD /* PBXContainerItemProxy */ = {
			isa = PBXContainerItemProxy;
			containerPortal = FE488B882837746D00E043AD /* Project object */;
			proxyType = 1;
			remoteGlobalIDString = FE488BC7283790B000E043AD;
			remoteInfo = NotificationService;
		};
/* End PBXContainerItemProxy section */

/* Begin PBXCopyFilesBuildPhase section */
		FE488BD3283790B000E043AD /* Embed App Extensions */ = {
			isa = PBXCopyFilesBuildPhase;
			buildActionMask = 2147483647;
			dstPath = "";
			dstSubfolderSpec = 13;
			files = (
				FE488BCF283790B000E043AD /* NotificationService.appex in Embed App Extensions */,
			);
			name = "Embed App Extensions";
			runOnlyForDeploymentPostprocessing = 0;
		};
/* End PBXCopyFilesBuildPhase section */

/* Begin PBXFileReference section */
		FE488B902837746D00E043AD /* PushNotification.app */ = {isa = PBXFileReference; explicitFileType = wrapper.application; includeInIndex = 0; path = PushNotification.app; sourceTree = BUILT_PRODUCTS_DIR; };
		FE488B932837746D00E043AD /* AppDelegate.swift */ = {isa = PBXFileReference; lastKnownFileType = sourcecode.swift; path = AppDelegate.swift; sourceTree = "<group>"; };
		FE488B952837746D00E043AD /* SceneDelegate.swift */ = {isa = PBXFileReference; lastKnownFileType = sourcecode.swift; path = SceneDelegate.swift; sourceTree = "<group>"; };
		FE488B972837746D00E043AD /* ViewController.swift */ = {isa = PBXFileReference; lastKnownFileType = sourcecode.swift; path = ViewController.swift; sourceTree = "<group>"; };
		FE488B9A2837746D00E043AD /* Base */ = {isa = PBXFileReference; lastKnownFileType = file.storyboard; name = Base; path = Base.lproj/Main.storyboard; sourceTree = "<group>"; };
		FE488B9C2837746E00E043AD /* Assets.xcassets */ = {isa = PBXFileReference; lastKnownFileType = folder.assetcatalog; path = Assets.xcassets; sourceTree = "<group>"; };
		FE488B9F2837746E00E043AD /* Base */ = {isa = PBXFileReference; lastKnownFileType = file.storyboard; name = Base; path = Base.lproj/LaunchScreen.storyboard; sourceTree = "<group>"; };
		FE488BA12837746E00E043AD /* Info.plist */ = {isa = PBXFileReference; lastKnownFileType = text.plist.xml; path = Info.plist; sourceTree = "<group>"; };
		FE488BA62837746E00E043AD /* PushNotificationTests.xctest */ = {isa = PBXFileReference; explicitFileType = wrapper.cfbundle; includeInIndex = 0; path = PushNotificationTests.xctest; sourceTree = BUILT_PRODUCTS_DIR; };
		FE488BAA2837746E00E043AD /* PushNotificationTests.swift */ = {isa = PBXFileReference; lastKnownFileType = sourcecode.swift; path = PushNotificationTests.swift; sourceTree = "<group>"; };
		FE488BB02837746E00E043AD /* PushNotificationUITests.xctest */ = {isa = PBXFileReference; explicitFileType = wrapper.cfbundle; includeInIndex = 0; path = PushNotificationUITests.xctest; sourceTree = BUILT_PRODUCTS_DIR; };
		FE488BB42837746E00E043AD /* PushNotificationUITests.swift */ = {isa = PBXFileReference; lastKnownFileType = sourcecode.swift; path = PushNotificationUITests.swift; sourceTree = "<group>"; };
		FE488BB62837746E00E043AD /* PushNotificationUITestsLaunchTests.swift */ = {isa = PBXFileReference; lastKnownFileType = sourcecode.swift; path = PushNotificationUITestsLaunchTests.swift; sourceTree = "<group>"; };
		FE488BC32837761B00E043AD /* PushNotification.entitlements */ = {isa = PBXFileReference; lastKnownFileType = text.plist.entitlements; path = PushNotification.entitlements; sourceTree = "<group>"; };
		FE488BC8283790B000E043AD /* NotificationService.appex */ = {isa = PBXFileReference; explicitFileType = "wrapper.app-extension"; includeInIndex = 0; path = NotificationService.appex; sourceTree = BUILT_PRODUCTS_DIR; };
		FE488BCA283790B000E043AD /* NotificationService.swift */ = {isa = PBXFileReference; lastKnownFileType = sourcecode.swift; path = NotificationService.swift; sourceTree = "<group>"; };
		FE488BCC283790B000E043AD /* Info.plist */ = {isa = PBXFileReference; lastKnownFileType = text.plist.xml; path = Info.plist; sourceTree = "<group>"; };
/* End PBXFileReference section */

/* Begin PBXFrameworksBuildPhase section */
		FE488B8D2837746D00E043AD /* Frameworks */ = {
			isa = PBXFrameworksBuildPhase;
			buildActionMask = 2147483647;
			files = (
			);
			runOnlyForDeploymentPostprocessing = 0;
		};
		FE488BA32837746E00E043AD /* Frameworks */ = {
			isa = PBXFrameworksBuildPhase;
			buildActionMask = 2147483647;
			files = (
			);
			runOnlyForDeploymentPostprocessing = 0;
		};
		FE488BAD2837746E00E043AD /* Frameworks */ = {
			isa = PBXFrameworksBuildPhase;
			buildActionMask = 2147483647;
			files = (
			);
			runOnlyForDeploymentPostprocessing = 0;
		};
		FE488BC5283790B000E043AD /* Frameworks */ = {
			isa = PBXFrameworksBuildPhase;
			buildActionMask = 2147483647;
			files = (
			);
			runOnlyForDeploymentPostprocessing = 0;
		};
/* End PBXFrameworksBuildPhase section */

/* Begin PBXGroup section */
		FE488B872837746D00E043AD = {
			isa = PBXGroup;
			children = (
				FE488B922837746D00E043AD /* PushNotification */,
				FE488BA92837746E00E043AD /* PushNotificationTests */,
				FE488BB32837746E00E043AD /* PushNotificationUITests */,
				FE488BC9283790B000E043AD /* NotificationService */,
				FE488B912837746D00E043AD /* Products */,
			);
			sourceTree = "<group>";
		};
		FE488B912837746D00E043AD /* Products */ = {
			isa = PBXGroup;
			children = (
				FE488B902837746D00E043AD /* PushNotification.app */,
				FE488BA62837746E00E043AD /* PushNotificationTests.xctest */,
				FE488BB02837746E00E043AD /* PushNotificationUITests.xctest */,
				FE488BC8283790B000E043AD /* NotificationService.appex */,
			);
			name = Products;
			sourceTree = "<group>";
		};
		FE488B922837746D00E043AD /* PushNotification */ = {
			isa = PBXGroup;
			children = (
				FE488BC32837761B00E043AD /* PushNotification.entitlements */,
				FE488B932837746D00E043AD /* AppDelegate.swift */,
				FE488B952837746D00E043AD /* SceneDelegate.swift */,
				FE488B972837746D00E043AD /* ViewController.swift */,
				FE488B992837746D00E043AD /* Main.storyboard */,
				FE488B9C2837746E00E043AD /* Assets.xcassets */,
				FE488B9E2837746E00E043AD /* LaunchScreen.storyboard */,
				FE488BA12837746E00E043AD /* Info.plist */,
			);
			path = PushNotification;
			sourceTree = "<group>";
		};
		FE488BA92837746E00E043AD /* PushNotificationTests */ = {
			isa = PBXGroup;
			children = (
				FE488BAA2837746E00E043AD /* PushNotificationTests.swift */,
			);
			path = PushNotificationTests;
			sourceTree = "<group>";
		};
		FE488BB32837746E00E043AD /* PushNotificationUITests */ = {
			isa = PBXGroup;
			children = (
				FE488BB42837746E00E043AD /* PushNotificationUITests.swift */,
				FE488BB62837746E00E043AD /* PushNotificationUITestsLaunchTests.swift */,
			);
			path = PushNotificationUITests;
			sourceTree = "<group>";
		};
		FE488BC9283790B000E043AD /* NotificationService */ = {
			isa = PBXGroup;
			children = (
				FE488BCA283790B000E043AD /* NotificationService.swift */,
				FE488BCC283790B000E043AD /* Info.plist */,
			);
			path = NotificationService;
			sourceTree = "<group>";
		};
/* End PBXGroup section */

/* Begin PBXNativeTarget section */
		FE488B8F2837746D00E043AD /* PushNotification */ = {
			isa = PBXNativeTarget;
			buildConfigurationList = FE488BBA2837746E00E043AD /* Build configuration list for PBXNativeTarget "PushNotification" */;
			buildPhases = (
				FE488B8C2837746D00E043AD /* Sources */,
				FE488B8D2837746D00E043AD /* Frameworks */,
				FE488B8E2837746D00E043AD /* Resources */,
				FE488BD3283790B000E043AD /* Embed App Extensions */,
			);
			buildRules = (
			);
			dependencies = (
				FE488BCE283790B000E043AD /* PBXTargetDependency */,
			);
			name = PushNotification;
			productName = PushNotification;
			productReference = FE488B902837746D00E043AD /* PushNotification.app */;
			productType = "com.apple.product-type.application";
		};
		FE488BA52837746E00E043AD /* PushNotificationTests */ = {
			isa = PBXNativeTarget;
			buildConfigurationList = FE488BBD2837746E00E043AD /* Build configuration list for PBXNativeTarget "PushNotificationTests" */;
			buildPhases = (
				FE488BA22837746E00E043AD /* Sources */,
				FE488BA32837746E00E043AD /* Frameworks */,
				FE488BA42837746E00E043AD /* Resources */,
			);
			buildRules = (
			);
			dependencies = (
				FE488BA82837746E00E043AD /* PBXTargetDependency */,
			);
			name = PushNotificationTests;
			productName = PushNotificationTests;
			productReference = FE488BA62837746E00E043AD /* PushNotificationTests.xctest */;
			productType = "com.apple.product-type.bundle.unit-test";
		};
		FE488BAF2837746E00E043AD /* PushNotificationUITests */ = {
			isa = PBXNativeTarget;
			buildConfigurationList = FE488BC02837746E00E043AD /* Build configuration list for PBXNativeTarget "PushNotificationUITests" */;
			buildPhases = (
				FE488BAC2837746E00E043AD /* Sources */,
				FE488BAD2837746E00E043AD /* Frameworks */,
				FE488BAE2837746E00E043AD /* Resources */,
			);
			buildRules = (
			);
			dependencies = (
				FE488BB22837746E00E043AD /* PBXTargetDependency */,
			);
			name = PushNotificationUITests;
			productName = PushNotificationUITests;
			productReference = FE488BB02837746E00E043AD /* PushNotificationUITests.xctest */;
			productType = "com.apple.product-type.bundle.ui-testing";
		};
		FE488BC7283790B000E043AD /* NotificationService */ = {
			isa = PBXNativeTarget;
			buildConfigurationList = FE488BD0283790B000E043AD /* Build configuration list for PBXNativeTarget "NotificationService" */;
			buildPhases = (
				FE488BC4283790B000E043AD /* Sources */,
				FE488BC5283790B000E043AD /* Frameworks */,
				FE488BC6283790B000E043AD /* Resources */,
			);
			buildRules = (
			);
			dependencies = (
			);
			name = NotificationService;
			productName = NotificationService;
			productReference = FE488BC8283790B000E043AD /* NotificationService.appex */;
			productType = "com.apple.product-type.app-extension";
		};
/* End PBXNativeTarget section */

/* Begin PBXProject section */
		FE488B882837746D00E043AD /* Project object */ = {
			isa = PBXProject;
			attributes = {
				BuildIndependentTargetsInParallel = 1;
				LastSwiftUpdateCheck = 1340;
				LastUpgradeCheck = 1340;
				TargetAttributes = {
					FE488B8F2837746D00E043AD = {
						CreatedOnToolsVersion = 13.4;
					};
					FE488BA52837746E00E043AD = {
						CreatedOnToolsVersion = 13.4;
						TestTargetID = FE488B8F2837746D00E043AD;
					};
					FE488BAF2837746E00E043AD = {
						CreatedOnToolsVersion = 13.4;
						TestTargetID = FE488B8F2837746D00E043AD;
					};
					FE488BC7283790B000E043AD = {
						CreatedOnToolsVersion = 13.4;
					};
				};
			};
			buildConfigurationList = FE488B8B2837746D00E043AD /* Build configuration list for PBXProject "PushNotification" */;
			compatibilityVersion = "Xcode 13.0";
			developmentRegion = en;
			hasScannedForEncodings = 0;
			knownRegions = (
				en,
				Base,
			);
			mainGroup = FE488B872837746D00E043AD;
			productRefGroup = FE488B912837746D00E043AD /* Products */;
			projectDirPath = "";
			projectRoot = "";
			targets = (
				FE488B8F2837746D00E043AD /* PushNotification */,
				FE488BA52837746E00E043AD /* PushNotificationTests */,
				FE488BAF2837746E00E043AD /* PushNotificationUITests */,
				FE488BC7283790B000E043AD /* NotificationService */,
			);
		};
/* End PBXProject section */

/* Begin PBXResourcesBuildPhase section */
		FE488B8E2837746D00E043AD /* Resources */ = {
			isa = PBXResourcesBuildPhase;
			buildActionMask = 2147483647;
			files = (
				FE488BA02837746E00E043AD /* LaunchScreen.storyboard in Resources */,
				FE488B9D2837746E00E043AD /* Assets.xcassets in Resources */,
				FE488B9B2837746D00E043AD /* Main.storyboard in Resources */,
			);
			runOnlyForDeploymentPostprocessing = 0;
		};
		FE488BA42837746E00E043AD /* Resources */ = {
			isa = PBXResourcesBuildPhase;
			buildActionMask = 2147483647;
			files = (
			);
			runOnlyForDeploymentPostprocessing = 0;
		};
		FE488BAE2837746E00E043AD /* Resources */ = {
			isa = PBXResourcesBuildPhase;
			buildActionMask = 2147483647;
			files = (
			);
			runOnlyForDeploymentPostprocessing = 0;
		};
		FE488BC6283790B000E043AD /* Resources */ = {
			isa = PBXResourcesBuildPhase;
			buildActionMask = 2147483647;
			files = (
			);
			runOnlyForDeploymentPostprocessing = 0;
		};
/* End PBXResourcesBuildPhase section */

/* Begin PBXSourcesBuildPhase section */
		FE488B8C2837746D00E043AD /* Sources */ = {
			isa = PBXSourcesBuildPhase;
			buildActionMask = 2147483647;
			files = (
				FE488B982837746D00E043AD /* ViewController.swift in Sources */,
				FE488B942837746D00E043AD /* AppDelegate.swift in Sources */,
				FE488B962837746D00E043AD /* SceneDelegate.swift in Sources */,
			);
			runOnlyForDeploymentPostprocessing = 0;
		};
		FE488BA22837746E00E043AD /* Sources */ = {
			isa = PBXSourcesBuildPhase;
			buildActionMask = 2147483647;
			files = (
				FE488BAB2837746E00E043AD /* PushNotificationTests.swift in Sources */,
			);
			runOnlyForDeploymentPostprocessing = 0;
		};
		FE488BAC2837746E00E043AD /* Sources */ = {
			isa = PBXSourcesBuildPhase;
			buildActionMask = 2147483647;
			files = (
				FE488BB52837746E00E043AD /* PushNotificationUITests.swift in Sources */,
				FE488BB72837746E00E043AD /* PushNotificationUITestsLaunchTests.swift in Sources */,
			);
			runOnlyForDeploymentPostprocessing = 0;
		};
		FE488BC4283790B000E043AD /* Sources */ = {
			isa = PBXSourcesBuildPhase;
			buildActionMask = 2147483647;
			files = (
				FE488BCB283790B000E043AD /* NotificationService.swift in Sources */,
			);
			runOnlyForDeploymentPostprocessing = 0;
		};
/* End PBXSourcesBuildPhase section */

/* Begin PBXTargetDependency section */
		FE488BA82837746E00E043AD /* PBXTargetDependency */ = {
			isa = PBXTargetDependency;
			target = FE488B8F2837746D00E043AD /* PushNotification */;
			targetProxy = FE488BA72837746E00E043AD /* PBXContainerItemProxy */;
		};
		FE488BB22837746E00E043AD /* PBXTargetDependency */ = {
			isa = PBXTargetDependency;
			target = FE488B8F2837746D00E043AD /* PushNotification */;
			targetProxy = FE488BB12837746E00E043AD /* PBXContainerItemProxy */;
		};
		FE488BCE283790B000E043AD /* PBXTargetDependency */ = {
			isa = PBXTargetDependency;
			target = FE488BC7283790B000E043AD /* NotificationService */;
			targetProxy = FE488BCD283790B000E043AD /* PBXContainerItemProxy */;
		};
/* End PBXTargetDependency section */

/* Begin PBXVariantGroup section */
		FE488B992837746D00E043AD /* Main.storyboard */ = {
			isa = PBXVariantGroup;
			children = (
				FE488B9A2837746D00E043AD /* Base */,
			);
			name = Main.storyboard;
			sourceTree = "<group>";
		};
		FE488B9E2837746E00E043AD /* LaunchScreen.storyboard */ = {
			isa = PBXVariantGroup;
			children = (
				FE488B9F2837746E00E043AD /* Base */,
			);
			name = LaunchScreen.storyboard;
			sourceTree = "<group>";
		};
/* End PBXVariantGroup section */

/* Begin XCBuildConfiguration section */
		FE488BB82837746E00E043AD /* Debug */ = {
			isa = XCBuildConfiguration;
			buildSettings = {
				ALWAYS_SEARCH_USER_PATHS = NO;
				CLANG_ANALYZER_NONNULL = YES;
				CLANG_ANALYZER_NUMBER_OBJECT_CONVERSION = YES_AGGRESSIVE;
				CLANG_CXX_LANGUAGE_STANDARD = "gnu++17";
				CLANG_ENABLE_MODULES = YES;
				CLANG_ENABLE_OBJC_ARC = YES;
				CLANG_ENABLE_OBJC_WEAK = YES;
				CLANG_WARN_BLOCK_CAPTURE_AUTORELEASING = YES;
				CLANG_WARN_BOOL_CONVERSION = YES;
				CLANG_WARN_COMMA = YES;
				CLANG_WARN_CONSTANT_CONVERSION = YES;
				CLANG_WARN_DEPRECATED_OBJC_IMPLEMENTATIONS = YES;
				CLANG_WARN_DIRECT_OBJC_ISA_USAGE = YES_ERROR;
				CLANG_WARN_DOCUMENTATION_COMMENTS = YES;
				CLANG_WARN_EMPTY_BODY = YES;
				CLANG_WARN_ENUM_CONVERSION = YES;
				CLANG_WARN_INFINITE_RECURSION = YES;
				CLANG_WARN_INT_CONVERSION = YES;
				CLANG_WARN_NON_LITERAL_NULL_CONVERSION = YES;
				CLANG_WARN_OBJC_IMPLICIT_RETAIN_SELF = YES;
				CLANG_WARN_OBJC_LITERAL_CONVERSION = YES;
				CLANG_WARN_OBJC_ROOT_CLASS = YES_ERROR;
				CLANG_WARN_QUOTED_INCLUDE_IN_FRAMEWORK_HEADER = YES;
				CLANG_WARN_RANGE_LOOP_ANALYSIS = YES;
				CLANG_WARN_STRICT_PROTOTYPES = YES;
				CLANG_WARN_SUSPICIOUS_MOVE = YES;
				CLANG_WARN_UNGUARDED_AVAILABILITY = YES_AGGRESSIVE;
				CLANG_WARN_UNREACHABLE_CODE = YES;
				CLANG_WARN__DUPLICATE_METHOD_MATCH = YES;
				COPY_PHASE_STRIP = NO;
				DEBUG_INFORMATION_FORMAT = dwarf;
				ENABLE_STRICT_OBJC_MSGSEND = YES;
				ENABLE_TESTABILITY = YES;
				GCC_C_LANGUAGE_STANDARD = gnu11;
				GCC_DYNAMIC_NO_PIC = NO;
				GCC_NO_COMMON_BLOCKS = YES;
				GCC_OPTIMIZATION_LEVEL = 0;
				GCC_PREPROCESSOR_DEFINITIONS = (
					"DEBUG=1",
					"$(inherited)",
				);
				GCC_WARN_64_TO_32_BIT_CONVERSION = YES;
				GCC_WARN_ABOUT_RETURN_TYPE = YES_ERROR;
				GCC_WARN_UNDECLARED_SELECTOR = YES;
				GCC_WARN_UNINITIALIZED_AUTOS = YES_AGGRESSIVE;
				GCC_WARN_UNUSED_FUNCTION = YES;
				GCC_WARN_UNUSED_VARIABLE = YES;
				IPHONEOS_DEPLOYMENT_TARGET = 15.5;
				MTL_ENABLE_DEBUG_INFO = INCLUDE_SOURCE;
				MTL_FAST_MATH = YES;
				ONLY_ACTIVE_ARCH = YES;
				SDKROOT = iphoneos;
				SWIFT_ACTIVE_COMPILATION_CONDITIONS = DEBUG;
				SWIFT_OPTIMIZATION_LEVEL = "-Onone";
			};
			name = Debug;
		};
		FE488BB92837746E00E043AD /* Release */ = {
			isa = XCBuildConfiguration;
			buildSettings = {
				ALWAYS_SEARCH_USER_PATHS = NO;
				CLANG_ANALYZER_NONNULL = YES;
				CLANG_ANALYZER_NUMBER_OBJECT_CONVERSION = YES_AGGRESSIVE;
				CLANG_CXX_LANGUAGE_STANDARD = "gnu++17";
				CLANG_ENABLE_MODULES = YES;
				CLANG_ENABLE_OBJC_ARC = YES;
				CLANG_ENABLE_OBJC_WEAK = YES;
				CLANG_WARN_BLOCK_CAPTURE_AUTORELEASING = YES;
				CLANG_WARN_BOOL_CONVERSION = YES;
				CLANG_WARN_COMMA = YES;
				CLANG_WARN_CONSTANT_CONVERSION = YES;
				CLANG_WARN_DEPRECATED_OBJC_IMPLEMENTATIONS = YES;
				CLANG_WARN_DIRECT_OBJC_ISA_USAGE = YES_ERROR;
				CLANG_WARN_DOCUMENTATION_COMMENTS = YES;
				CLANG_WARN_EMPTY_BODY = YES;
				CLANG_WARN_ENUM_CONVERSION = YES;
				CLANG_WARN_INFINITE_RECURSION = YES;
				CLANG_WARN_INT_CONVERSION = YES;
				CLANG_WARN_NON_LITERAL_NULL_CONVERSION = YES;
				CLANG_WARN_OBJC_IMPLICIT_RETAIN_SELF = YES;
				CLANG_WARN_OBJC_LITERAL_CONVERSION = YES;
				CLANG_WARN_OBJC_ROOT_CLASS = YES_ERROR;
				CLANG_WARN_QUOTED_INCLUDE_IN_FRAMEWORK_HEADER = YES;
				CLANG_WARN_RANGE_LOOP_ANALYSIS = YES;
				CLANG_WARN_STRICT_PROTOTYPES = YES;
				CLANG_WARN_SUSPICIOUS_MOVE = YES;
				CLANG_WARN_UNGUARDED_AVAILABILITY = YES_AGGRESSIVE;
				CLANG_WARN_UNREACHABLE_CODE = YES;
				CLANG_WARN__DUPLICATE_METHOD_MATCH = YES;
				COPY_PHASE_STRIP = NO;
				DEBUG_INFORMATION_FORMAT = "dwarf-with-dsym";
				ENABLE_NS_ASSERTIONS = NO;
				ENABLE_STRICT_OBJC_MSGSEND = YES;
				GCC_C_LANGUAGE_STANDARD = gnu11;
				GCC_NO_COMMON_BLOCKS = YES;
				GCC_WARN_64_TO_32_BIT_CONVERSION = YES;
				GCC_WARN_ABOUT_RETURN_TYPE = YES_ERROR;
				GCC_WARN_UNDECLARED_SELECTOR = YES;
				GCC_WARN_UNINITIALIZED_AUTOS = YES_AGGRESSIVE;
				GCC_WARN_UNUSED_FUNCTION = YES;
				GCC_WARN_UNUSED_VARIABLE = YES;
				IPHONEOS_DEPLOYMENT_TARGET = 15.5;
				MTL_ENABLE_DEBUG_INFO = NO;
				MTL_FAST_MATH = YES;
				SDKROOT = iphoneos;
				SWIFT_COMPILATION_MODE = wholemodule;
				SWIFT_OPTIMIZATION_LEVEL = "-O";
				VALIDATE_PRODUCT = YES;
			};
			name = Release;
		};
		FE488BBB2837746E00E043AD /* Debug */ = {
			isa = XCBuildConfiguration;
			buildSettings = {
				ALWAYS_EMBED_SWIFT_STANDARD_LIBRARIES = YES;
				ASSETCATALOG_COMPILER_APPICON_NAME = AppIcon;
				ASSETCATALOG_COMPILER_GLOBAL_ACCENT_COLOR_NAME = AccentColor;
				CODE_SIGN_ENTITLEMENTS = PushNotification/PushNotification.entitlements;
				CODE_SIGN_IDENTITY = "Apple Development";
				CODE_SIGN_STYLE = Automatic;
				CURRENT_PROJECT_VERSION = 1;
				DEVELOPMENT_TEAM = N92M6695XH;
				GENERATE_INFOPLIST_FILE = YES;
				INFOPLIST_FILE = PushNotification/Info.plist;
				INFOPLIST_KEY_UIApplicationSupportsIndirectInputEvents = YES;
				INFOPLIST_KEY_UILaunchStoryboardName = LaunchScreen;
				INFOPLIST_KEY_UIMainStoryboardFile = Main;
				INFOPLIST_KEY_UISupportedInterfaceOrientations_iPad = "UIInterfaceOrientationPortrait UIInterfaceOrientationPortraitUpsideDown UIInterfaceOrientationLandscapeLeft UIInterfaceOrientationLandscapeRight";
				INFOPLIST_KEY_UISupportedInterfaceOrientations_iPhone = "UIInterfaceOrientationPortrait UIInterfaceOrientationLandscapeLeft UIInterfaceOrientationLandscapeRight";
				LD_RUNPATH_SEARCH_PATHS = (
					"$(inherited)",
					"@executable_path/Frameworks",
				);
				MARKETING_VERSION = 1.0;
				PRODUCT_BUNDLE_IDENTIFIER = com.test.joshi.PushNotification;
				PRODUCT_NAME = "$(TARGET_NAME)";
				PROVISIONING_PROFILE_SPECIFIER = "";
				SWIFT_EMIT_LOC_STRINGS = YES;
				SWIFT_VERSION = 5.0;
				TARGETED_DEVICE_FAMILY = "1,2";
			};
			name = Debug;
		};
		FE488BBC2837746E00E043AD /* Release */ = {
			isa = XCBuildConfiguration;
			buildSettings = {
				ALWAYS_EMBED_SWIFT_STANDARD_LIBRARIES = YES;
				ASSETCATALOG_COMPILER_APPICON_NAME = AppIcon;
				ASSETCATALOG_COMPILER_GLOBAL_ACCENT_COLOR_NAME = AccentColor;
				CODE_SIGN_ENTITLEMENTS = PushNotification/PushNotification.entitlements;
				CODE_SIGN_IDENTITY = "Apple Development";
				CODE_SIGN_STYLE = Automatic;
				CURRENT_PROJECT_VERSION = 1;
				DEVELOPMENT_TEAM = N92M6695XH;
				GENERATE_INFOPLIST_FILE = YES;
				INFOPLIST_FILE = PushNotification/Info.plist;
				INFOPLIST_KEY_UIApplicationSupportsIndirectInputEvents = YES;
				INFOPLIST_KEY_UILaunchStoryboardName = LaunchScreen;
				INFOPLIST_KEY_UIMainStoryboardFile = Main;
				INFOPLIST_KEY_UISupportedInterfaceOrientations_iPad = "UIInterfaceOrientationPortrait UIInterfaceOrientationPortraitUpsideDown UIInterfaceOrientationLandscapeLeft UIInterfaceOrientationLandscapeRight";
				INFOPLIST_KEY_UISupportedInterfaceOrientations_iPhone = "UIInterfaceOrientationPortrait UIInterfaceOrientationLandscapeLeft UIInterfaceOrientationLandscapeRight";
				LD_RUNPATH_SEARCH_PATHS = (
					"$(inherited)",
					"@executable_path/Frameworks",
				);
				MARKETING_VERSION = 1.0;
				PRODUCT_BUNDLE_IDENTIFIER = com.test.joshi.PushNotification;
				PRODUCT_NAME = "$(TARGET_NAME)";
				PROVISIONING_PROFILE_SPECIFIER = "";
				SWIFT_EMIT_LOC_STRINGS = YES;
				SWIFT_VERSION = 5.0;
				TARGETED_DEVICE_FAMILY = "1,2";
			};
			name = Release;
		};
		FE488BBE2837746E00E043AD /* Debug */ = {
			isa = XCBuildConfiguration;
			buildSettings = {
				ALWAYS_EMBED_SWIFT_STANDARD_LIBRARIES = YES;
				BUNDLE_LOADER = "$(TEST_HOST)";
				CODE_SIGN_STYLE = Automatic;
				CURRENT_PROJECT_VERSION = 1;
				DEVELOPMENT_TEAM = N92M6695XH;
				GENERATE_INFOPLIST_FILE = YES;
				IPHONEOS_DEPLOYMENT_TARGET = 15.5;
				MARKETING_VERSION = 1.0;
				PRODUCT_BUNDLE_IDENTIFIER = com.test.joshi.PushNotificationTests;
				PRODUCT_NAME = "$(TARGET_NAME)";
				SWIFT_EMIT_LOC_STRINGS = NO;
				SWIFT_VERSION = 5.0;
				TARGETED_DEVICE_FAMILY = "1,2";
				TEST_HOST = "$(BUILT_PRODUCTS_DIR)/PushNotification.app/PushNotification";
			};
			name = Debug;
		};
		FE488BBF2837746E00E043AD /* Release */ = {
			isa = XCBuildConfiguration;
			buildSettings = {
				ALWAYS_EMBED_SWIFT_STANDARD_LIBRARIES = YES;
				BUNDLE_LOADER = "$(TEST_HOST)";
				CODE_SIGN_STYLE = Automatic;
				CURRENT_PROJECT_VERSION = 1;
				DEVELOPMENT_TEAM = N92M6695XH;
				GENERATE_INFOPLIST_FILE = YES;
				IPHONEOS_DEPLOYMENT_TARGET = 15.5;
				MARKETING_VERSION = 1.0;
				PRODUCT_BUNDLE_IDENTIFIER = com.test.joshi.PushNotificationTests;
				PRODUCT_NAME = "$(TARGET_NAME)";
				SWIFT_EMIT_LOC_STRINGS = NO;
				SWIFT_VERSION = 5.0;
				TARGETED_DEVICE_FAMILY = "1,2";
				TEST_HOST = "$(BUILT_PRODUCTS_DIR)/PushNotification.app/PushNotification";
			};
			name = Release;
		};
		FE488BC12837746E00E043AD /* Debug */ = {
			isa = XCBuildConfiguration;
			buildSettings = {
				ALWAYS_EMBED_SWIFT_STANDARD_LIBRARIES = YES;
				CODE_SIGN_STYLE = Automatic;
				CURRENT_PROJECT_VERSION = 1;
				DEVELOPMENT_TEAM = N92M6695XH;
				GENERATE_INFOPLIST_FILE = YES;
				MARKETING_VERSION = 1.0;
				PRODUCT_BUNDLE_IDENTIFIER = com.test.joshi.PushNotificationUITests;
				PRODUCT_NAME = "$(TARGET_NAME)";
				SWIFT_EMIT_LOC_STRINGS = NO;
				SWIFT_VERSION = 5.0;
				TARGETED_DEVICE_FAMILY = "1,2";
				TEST_TARGET_NAME = PushNotification;
			};
			name = Debug;
		};
		FE488BC22837746E00E043AD /* Release */ = {
			isa = XCBuildConfiguration;
			buildSettings = {
				ALWAYS_EMBED_SWIFT_STANDARD_LIBRARIES = YES;
				CODE_SIGN_STYLE = Automatic;
				CURRENT_PROJECT_VERSION = 1;
				DEVELOPMENT_TEAM = N92M6695XH;
				GENERATE_INFOPLIST_FILE = YES;
				MARKETING_VERSION = 1.0;
				PRODUCT_BUNDLE_IDENTIFIER = com.test.joshi.PushNotificationUITests;
				PRODUCT_NAME = "$(TARGET_NAME)";
				SWIFT_EMIT_LOC_STRINGS = NO;
				SWIFT_VERSION = 5.0;
				TARGETED_DEVICE_FAMILY = "1,2";
				TEST_TARGET_NAME = PushNotification;
			};
			name = Release;
		};
		FE488BD1283790B000E043AD /* Debug */ = {
			isa = XCBuildConfiguration;
			buildSettings = {
				CODE_SIGN_IDENTITY = "Apple Development";
				CODE_SIGN_STYLE = Automatic;
				CURRENT_PROJECT_VERSION = 1;
				DEVELOPMENT_TEAM = 2C66ZQG4SX;
				GENERATE_INFOPLIST_FILE = YES;
				INFOPLIST_FILE = NotificationService/Info.plist;
				INFOPLIST_KEY_CFBundleDisplayName = NotificationService;
				INFOPLIST_KEY_NSHumanReadableCopyright = "";
				LD_RUNPATH_SEARCH_PATHS = (
					"$(inherited)",
					"@executable_path/Frameworks",
					"@executable_path/../../Frameworks",
				);
				MARKETING_VERSION = 1.0;
				PRODUCT_BUNDLE_IDENTIFIER = com.test.joshi.PushNotification.NotificationService;
				PRODUCT_NAME = "$(TARGET_NAME)";
				SKIP_INSTALL = YES;
				SWIFT_EMIT_LOC_STRINGS = YES;
				SWIFT_VERSION = 5.0;
				TARGETED_DEVICE_FAMILY = "1,2";
			};
			name = Debug;
		};
		FE488BD2283790B000E043AD /* Release */ = {
			isa = XCBuildConfiguration;
			buildSettings = {
				CODE_SIGN_IDENTITY = "Apple Development";
				CODE_SIGN_STYLE = Automatic;
				CURRENT_PROJECT_VERSION = 1;
				DEVELOPMENT_TEAM = 2C66ZQG4SX;
				GENERATE_INFOPLIST_FILE = YES;
				INFOPLIST_FILE = NotificationService/Info.plist;
				INFOPLIST_KEY_CFBundleDisplayName = NotificationService;
				INFOPLIST_KEY_NSHumanReadableCopyright = "";
				LD_RUNPATH_SEARCH_PATHS = (
					"$(inherited)",
					"@executable_path/Frameworks",
					"@executable_path/../../Frameworks",
				);
				MARKETING_VERSION = 1.0;
				PRODUCT_BUNDLE_IDENTIFIER = com.test.joshi.PushNotification.NotificationService;
				PRODUCT_NAME = "$(TARGET_NAME)";
				SKIP_INSTALL = YES;
				SWIFT_EMIT_LOC_STRINGS = YES;
				SWIFT_VERSION = 5.0;
				TARGETED_DEVICE_FAMILY = "1,2";
			};
			name = Release;
		};
/* End XCBuildConfiguration section */

/* Begin XCConfigurationList section */
		FE488B8B2837746D00E043AD /* Build configuration list for PBXProject "PushNotification" */ = {
			isa = XCConfigurationList;
			buildConfigurations = (
				FE488BB82837746E00E043AD /* Debug */,
				FE488BB92837746E00E043AD /* Release */,
			);
			defaultConfigurationIsVisible = 0;
			defaultConfigurationName = Release;
		};
		FE488BBA2837746E00E043AD /* Build configuration list for PBXNativeTarget "PushNotification" */ = {
			isa = XCConfigurationList;
			buildConfigurations = (
				FE488BBB2837746E00E043AD /* Debug */,
				FE488BBC2837746E00E043AD /* Release */,
			);
			defaultConfigurationIsVisible = 0;
			defaultConfigurationName = Release;
		};
		FE488BBD2837746E00E043AD /* Build configuration list for PBXNativeTarget "PushNotificationTests" */ = {
			isa = XCConfigurationList;
			buildConfigurations = (
				FE488BBE2837746E00E043AD /* Debug */,
				FE488BBF2837746E00E043AD /* Release */,
			);
			defaultConfigurationIsVisible = 0;
			defaultConfigurationName = Release;
		};
		FE488BC02837746E00E043AD /* Build configuration list for PBXNativeTarget "PushNotificationUITests" */ = {
			isa = XCConfigurationList;
			buildConfigurations = (
				FE488BC12837746E00E043AD /* Debug */,
				FE488BC22837746E00E043AD /* Release */,
			);
			defaultConfigurationIsVisible = 0;
			defaultConfigurationName = Release;
		};
		FE488BD0283790B000E043AD /* Build configuration list for PBXNativeTarget "NotificationService" */ = {
			isa = XCConfigurationList;
			buildConfigurations = (
				FE488BD1283790B000E043AD /* Debug */,
				FE488BD2283790B000E043AD /* Release */,
			);
			defaultConfigurationIsVisible = 0;
			defaultConfigurationName = Release;
		};
/* End XCConfigurationList section */
	};
	rootObject = FE488B882837746D00E043AD /* Project object */;
}
